
Microsoft Visual Studio Solution File, Format Version 12.00
# Visual Studio Version 16
VisualStudioVersion = 16.0.31515.178
MinimumVisualStudioVersion = 10.0.40219.1
Project("{4DF76451-A46A-4C0B-BE03-459FAAFA07E6}") = "YNABConnector", "YNABConnector\YNABConnector.mproj", "{8DC12BB0-811D-4E67-945D-14CF1F1385C3}"
EndProject
Global
	GlobalSection(SolutionConfigurationPlatforms) = preSolution
		Debug|x86 = Debug|x86
		Release|x86 = Release|x86
	EndGlobalSection
	GlobalSection(ProjectConfigurationPlatforms) = postSolution
		{8DC12BB0-811D-4E67-945D-14CF1F1385C3}.Debug|x86.ActiveCfg = Debug|x86
		{8DC12BB0-811D-4E67-945D-14CF1F1385C3}.Debug|x86.Build.0 = Debug|x86
		{8DC12BB0-811D-4E67-945D-14CF1F1385C3}.Release|x86.ActiveCfg = Release|x86
		{8DC12BB0-811D-4E67-945D-14CF1F1385C3}.Release|x86.Build.0 = Release|x86
	EndGlobalSection
	GlobalSection(SolutionProperties) = preSolution
		HideSolutionNode = FALSE
	EndGlobalSection
	GlobalSection(ExtensibilityGlobals) = postSolution
		SolutionGuid = {90E58F9D-F76C-4240-B3B9-632DE9EB9585}
	EndGlobalSection
EndGlobal
